
Microsoft Visual Studio Solution File, Format Version 12.00
# Visual Studio Version 17
VisualStudioVersion = 17.3.32929.385
MinimumVisualStudioVersion = 10.0.40219.1
Project("{FAE04EC0-301F-11D3-BF4B-00C04F79EFBC}") = "ConsoleApp2", "ConsoleApp2\ConsoleApp2.csproj", "{76F3A06A-22D8-4F6B-8F83-EF72DDEF9282}"
EndProject
Global
	GlobalSection(SolutionConfigurationPlatforms) = preSolution
		Debug|Any CPU = Debug|Any CPU
		Release|Any CPU = Release|Any CPU
	EndGlobalSection
	GlobalSection(ProjectConfigurationPlatforms) = postSolution
		{76F3A06A-22D8-4F6B-8F83-EF72DDEF9282}.Debug|Any CPU.ActiveCfg = Debug|Any CPU
		{76F3A06A-22D8-4F6B-8F83-EF72DDEF9282}.Debug|Any CPU.Build.0 = Debug|Any CPU
		{76F3A06A-22D8-4F6B-8F83-EF72DDEF9282}.Release|Any CPU.ActiveCfg = Release|Any CPU
		{76F3A06A-22D8-4F6B-8F83-EF72DDEF9282}.Release|Any CPU.Build.0 = Release|Any CPU
	EndGlobalSection
	GlobalSection(SolutionProperties) = preSolution
		HideSolutionNode = FALSE
	EndGlobalSection
	GlobalSection(ExtensibilityGlobals) = postSolution
		SolutionGuid = {49735A5F-41C8-4879-9985-C5E82760B681}
	EndGlobalSection
EndGlobal
